
Microsoft Visual Studio Solution File, Format Version 12.00
# Visual Studio 15
VisualStudioVersion = 15.0.28307.421
MinimumVisualStudioVersion = 10.0.40219.1
Project("{FAE04EC0-301F-11D3-BF4B-00C04F79EFBC}") = "Cinema", "Cinema\Cinema.csproj", "{002D8D41-B5E0-44B9-A2FE-8DEE303D0F80}"
EndProject
Project("{FAE04EC0-301F-11D3-BF4B-00C04F79EFBC}") = "CinemaTests", "UnitTestProject1\CinemaTests.csproj", "{46C8304E-EE75-4AAB-9AE9-33D133A5E2E1}"
EndProject
Global
	GlobalSection(SolutionConfigurationPlatforms) = preSolution
		Debug|Any CPU = Debug|Any CPU
		Release|Any CPU = Release|Any CPU
	EndGlobalSection
	GlobalSection(ProjectConfigurationPlatforms) = postSolution
		{002D8D41-B5E0-44B9-A2FE-8DEE303D0F80}.Debug|Any CPU.ActiveCfg = Debug|Any CPU
		{002D8D41-B5E0-44B9-A2FE-8DEE303D0F80}.Debug|Any CPU.Build.0 = Debug|Any CPU
		{002D8D41-B5E0-44B9-A2FE-8DEE303D0F80}.Release|Any CPU.ActiveCfg = Release|Any CPU
		{002D8D41-B5E0-44B9-A2FE-8DEE303D0F80}.Release|Any CPU.Build.0 = Release|Any CPU
		{46C8304E-EE75-4AAB-9AE9-33D133A5E2E1}.Debug|Any CPU.ActiveCfg = Debug|Any CPU
		{46C8304E-EE75-4AAB-9AE9-33D133A5E2E1}.Debug|Any CPU.Build.0 = Debug|Any CPU
		{46C8304E-EE75-4AAB-9AE9-33D133A5E2E1}.Release|Any CPU.ActiveCfg = Release|Any CPU
		{46C8304E-EE75-4AAB-9AE9-33D133A5E2E1}.Release|Any CPU.Build.0 = Release|Any CPU
	EndGlobalSection
	GlobalSection(SolutionProperties) = preSolution
		HideSolutionNode = FALSE
	EndGlobalSection
	GlobalSection(ExtensibilityGlobals) = postSolution
		SolutionGuid = {74290514-8A1F-41A0-A017-42FF49AE3606}
	EndGlobalSection
EndGlobal
